
Microsoft Visual Studio Solution File, Format Version 12.00
# Visual Studio 14
VisualStudioVersion = 14.0.25420.1
MinimumVisualStudioVersion = 10.0.40219.1
Project("{FAE04EC0-301F-11D3-BF4B-00C04F79EFBC}") = "Repairable", "Repairable\Repairable\Repairable.csproj", "{6E95703F-FB2E-4007-897C-8B42878F03AC}"
EndProject
Project("{FAE04EC0-301F-11D3-BF4B-00C04F79EFBC}") = "Repairable.Droid", "Repairable\Repairable.Droid\Repairable.Droid.csproj", "{ADCBC4EA-2072-4351-BDA8-4EAF541861ED}"
EndProject
Project("{FAE04EC0-301F-11D3-BF4B-00C04F79EFBC}") = "Repairable.iOS", "Repairable\Repairable.iOS\Repairable.iOS.csproj", "{82119352-4961-462F-9C44-3B67F4DA32CD}"
EndProject
Project("{FAE04EC0-301F-11D3-BF4B-00C04F79EFBC}") = "Repairable.WinPhone", "Repairable\Repairable.WinPhone\Repairable.WinPhone.csproj", "{C22B7301-D065-472F-8505-162B4E0BF994}"
EndProject
Project("{FAE04EC0-301F-11D3-BF4B-00C04F79EFBC}") = "Repairable.UWP", "Repairable\Repairable.UWP\Repairable.UWP.csproj", "{3D7371B0-0AF0-4229-95C3-76DA86DD19F3}"
EndProject
Project("{FAE04EC0-301F-11D3-BF4B-00C04F79EFBC}") = "Repairable.Windows", "Repairable\Repairable.Windows\Repairable.Windows.csproj", "{2F3460FB-0610-4479-99DF-579E7B298440}"
EndProject
Global
	GlobalSection(SolutionConfigurationPlatforms) = preSolution
		Ad-Hoc|Any CPU = Ad-Hoc|Any CPU
		Ad-Hoc|ARM = Ad-Hoc|ARM
		Ad-Hoc|iPhone = Ad-Hoc|iPhone
		Ad-Hoc|iPhoneSimulator = Ad-Hoc|iPhoneSimulator
		Ad-Hoc|x64 = Ad-Hoc|x64
		Ad-Hoc|x86 = Ad-Hoc|x86
		AppStore|Any CPU = AppStore|Any CPU
		AppStore|ARM = AppStore|ARM
		AppStore|iPhone = AppStore|iPhone
		AppStore|iPhoneSimulator = AppStore|iPhoneSimulator
		AppStore|x64 = AppStore|x64
		AppStore|x86 = AppStore|x86
		Debug|Any CPU = Debug|Any CPU
		Debug|ARM = Debug|ARM
		Debug|iPhone = Debug|iPhone
		Debug|iPhoneSimulator = Debug|iPhoneSimulator
		Debug|x64 = Debug|x64
		Debug|x86 = Debug|x86
		Release|Any CPU = Release|Any CPU
		Release|ARM = Release|ARM
		Release|iPhone = Release|iPhone
		Release|iPhoneSimulator = Release|iPhoneSimulator
		Release|x64 = Release|x64
		Release|x86 = Release|x86
	EndGlobalSection
	GlobalSection(ProjectConfigurationPlatforms) = postSolution
		{6E95703F-FB2E-4007-897C-8B42878F03AC}.Ad-Hoc|Any CPU.ActiveCfg = Release|Any CPU
		{6E95703F-FB2E-4007-897C-8B42878F03AC}.Ad-Hoc|Any CPU.Build.0 = Release|Any CPU
		{6E95703F-FB2E-4007-897C-8B42878F03AC}.Ad-Hoc|ARM.ActiveCfg = Release|Any CPU
		{6E95703F-FB2E-4007-897C-8B42878F03AC}.Ad-Hoc|ARM.Build.0 = Release|Any CPU
		{6E95703F-FB2E-4007-897C-8B42878F03AC}.Ad-Hoc|iPhone.ActiveCfg = Release|Any CPU
		{6E95703F-FB2E-4007-897C-8B42878F03AC}.Ad-Hoc|iPhone.Build.0 = Release|Any CPU
		{6E95703F-FB2E-4007-897C-8B42878F03AC}.Ad-Hoc|iPhoneSimulator.ActiveCfg = Release|Any CPU
		{6E95703F-FB2E-4007-897C-8B42878F03AC}.Ad-Hoc|iPhoneSimulator.Build.0 = Release|Any CPU
		{6E95703F-FB2E-4007-897C-8B42878F03AC}.Ad-Hoc|x64.ActiveCfg = Release|Any CPU
		{6E95703F-FB2E-4007-897C-8B42878F03AC}.Ad-Hoc|x64.Build.0 = Release|Any CPU
		{6E95703F-FB2E-4007-897C-8B42878F03AC}.Ad-Hoc|x86.ActiveCfg = Release|Any CPU
		{6E95703F-FB2E-4007-897C-8B42878F03AC}.Ad-Hoc|x86.Build.0 = Release|Any CPU
		{6E95703F-FB2E-4007-897C-8B42878F03AC}.AppStore|Any CPU.ActiveCfg = Release|Any CPU
		{6E95703F-FB2E-4007-897C-8B42878F03AC}.AppStore|Any CPU.Build.0 = Release|Any CPU
		{6E95703F-FB2E-4007-897C-8B42878F03AC}.AppStore|ARM.ActiveCfg = Release|Any CPU
		{6E95703F-FB2E-4007-897C-8B42878F03AC}.AppStore|ARM.Build.0 = Release|Any CPU
		{6E95703F-FB2E-4007-897C-8B42878F03AC}.AppStore|iPhone.ActiveCfg = Release|Any CPU
		{6E95703F-FB2E-4007-897C-8B42878F03AC}.AppStore|iPhone.Build.0 = Release|Any CPU
		{6E95703F-FB2E-4007-897C-8B42878F03AC}.AppStore|iPhoneSimulator.ActiveCfg = Release|Any CPU
		{6E95703F-FB2E-4007-897C-8B42878F03AC}.AppStore|iPhoneSimulator.Build.0 = Release|Any CPU
		{6E95703F-FB2E-4007-897C-8B42878F03AC}.AppStore|x64.ActiveCfg = Release|Any CPU
		{6E95703F-FB2E-4007-897C-8B42878F03AC}.AppStore|x64.Build.0 = Release|Any CPU
		{6E95703F-FB2E-4007-897C-8B42878F03AC}.AppStore|x86.ActiveCfg = Release|Any CPU
		{6E95703F-FB2E-4007-897C-8B42878F03AC}.AppStore|x86.Build.0 = Release|Any CPU
		{6E95703F-FB2E-4007-897C-8B42878F03AC}.Debug|Any CPU.ActiveCfg = Debug|Any CPU
		{6E95703F-FB2E-4007-897C-8B42878F03AC}.Debug|Any CPU.Build.0 = Debug|Any CPU
		{6E95703F-FB2E-4007-897C-8B42878F03AC}.Debug|ARM.ActiveCfg = Debug|Any CPU
		{6E95703F-FB2E-4007-897C-8B42878F03AC}.Debug|ARM.Build.0 = Debug|Any CPU
		{6E95703F-FB2E-4007-897C-8B42878F03AC}.Debug|iPhone.ActiveCfg = Debug|Any CPU
		{6E95703F-FB2E-4007-897C-8B42878F03AC}.Debug|iPhone.Build.0 = Debug|Any CPU
		{6E95703F-FB2E-4007-897C-8B42878F03AC}.Debug|iPhoneSimulator.ActiveCfg = Debug|Any CPU
		{6E95703F-FB2E-4007-897C-8B42878F03AC}.Debug|iPhoneSimulator.Build.0 = Debug|Any CPU
		{6E95703F-FB2E-4007-897C-8B42878F03AC}.Debug|x64.ActiveCfg = Debug|Any CPU
		{6E95703F-FB2E-4007-897C-8B42878F03AC}.Debug|x64.Build.0 = Debug|Any CPU
		{6E95703F-FB2E-4007-897C-8B42878F03AC}.Debug|x86.ActiveCfg = Debug|Any CPU
		{6E95703F-FB2E-4007-897C-8B42878F03AC}.Debug|x86.Build.0 = Debug|Any CPU
		{6E95703F-FB2E-4007-897C-8B42878F03AC}.Release|Any CPU.ActiveCfg = Release|Any CPU
		{6E95703F-FB2E-4007-897C-8B42878F03AC}.Release|Any CPU.Build.0 = Release|Any CPU
		{6E95703F-FB2E-4007-897C-8B42878F03AC}.Release|ARM.ActiveCfg = Release|Any CPU
		{6E95703F-FB2E-4007-897C-8B42878F03AC}.Release|ARM.Build.0 = Release|Any CPU
		{6E95703F-FB2E-4007-897C-8B42878F03AC}.Release|iPhone.ActiveCfg = Release|Any CPU
		{6E95703F-FB2E-4007-897C-8B42878F03AC}.Release|iPhone.Build.0 = Release|Any CPU
		{6E95703F-FB2E-4007-897C-8B42878F03AC}.Release|iPhoneSimulator.ActiveCfg = Release|Any CPU
		{6E95703F-FB2E-4007-897C-8B42878F03AC}.Release|iPhoneSimulator.Build.0 = Release|Any CPU
		{6E95703F-FB2E-4007-897C-8B42878F03AC}.Release|x64.ActiveCfg = Release|Any CPU
		{6E95703F-FB2E-4007-897C-8B42878F03AC}.Release|x64.Build.0 = Release|Any CPU
		{6E95703F-FB2E-4007-897C-8B42878F03AC}.Release|x86.ActiveCfg = Release|Any CPU
		{6E95703F-FB2E-4007-897C-8B42878F03AC}.Release|x86.Build.0 = Release|Any CPU
		{ADCBC4EA-2072-4351-BDA8-4EAF541861ED}.Ad-Hoc|Any CPU.ActiveCfg = Release|Any CPU
		{ADCBC4EA-2072-4351-BDA8-4EAF541861ED}.Ad-Hoc|Any CPU.Build.0 = Release|Any CPU
		{ADCBC4EA-2072-4351-BDA8-4EAF541861ED}.Ad-Hoc|Any CPU.Deploy.0 = Release|Any CPU
		{ADCBC4EA-2072-4351-BDA8-4EAF541861ED}.Ad-Hoc|ARM.ActiveCfg = Release|Any CPU
		{ADCBC4EA-2072-4351-BDA8-4EAF541861ED}.Ad-Hoc|ARM.Build.0 = Release|Any CPU
		{ADCBC4EA-2072-4351-BDA8-4EAF541861ED}.Ad-Hoc|ARM.Deploy.0 = Release|Any CPU
		{ADCBC4EA-2072-4351-BDA8-4EAF541861ED}.Ad-Hoc|iPhone.ActiveCfg = Release|Any CPU
		{ADCBC4EA-2072-4351-BDA8-4EAF541861ED}.Ad-Hoc|iPhone.Build.0 = Release|Any CPU
		{ADCBC4EA-2072-4351-BDA8-4EAF541861ED}.Ad-Hoc|iPhone.Deploy.0 = Release|Any CPU
		{ADCBC4EA-2072-4351-BDA8-4EAF541861ED}.Ad-Hoc|iPhoneSimulator.ActiveCfg = Release|Any CPU
		{ADCBC4EA-2072-4351-BDA8-4EAF541861ED}.Ad-Hoc|iPhoneSimulator.Build.0 = Release|Any CPU
		{ADCBC4EA-2072-4351-BDA8-4EAF541861ED}.Ad-Hoc|iPhoneSimulator.Deploy.0 = Release|Any CPU
		{ADCBC4EA-2072-4351-BDA8-4EAF541861ED}.Ad-Hoc|x64.ActiveCfg = Release|Any CPU
		{ADCBC4EA-2072-4351-BDA8-4EAF541861ED}.Ad-Hoc|x64.Build.0 = Release|Any CPU
		{ADCBC4EA-2072-4351-BDA8-4EAF541861ED}.Ad-Hoc|x64.Deploy.0 = Release|Any CPU
		{ADCBC4EA-2072-4351-BDA8-4EAF541861ED}.Ad-Hoc|x86.ActiveCfg = Release|Any CPU
		{ADCBC4EA-2072-4351-BDA8-4EAF541861ED}.Ad-Hoc|x86.Build.0 = Release|Any CPU
		{ADCBC4EA-2072-4351-BDA8-4EAF541861ED}.Ad-Hoc|x86.Deploy.0 = Release|Any CPU
		{ADCBC4EA-2072-4351-BDA8-4EAF541861ED}.AppStore|Any CPU.ActiveCfg = Release|Any CPU
		{ADCBC4EA-2072-4351-BDA8-4EAF541861ED}.AppStore|Any CPU.Build.0 = Release|Any CPU
		{ADCBC4EA-2072-4351-BDA8-4EAF541861ED}.AppStore|Any CPU.Deploy.0 = Release|Any CPU
		{ADCBC4EA-2072-4351-BDA8-4EAF541861ED}.AppStore|ARM.ActiveCfg = Release|Any CPU
		{ADCBC4EA-2072-4351-BDA8-4EAF541861ED}.AppStore|ARM.Build.0 = Release|Any CPU
		{ADCBC4EA-2072-4351-BDA8-4EAF541861ED}.AppStore|ARM.Deploy.0 = Release|Any CPU
		{ADCBC4EA-2072-4351-BDA8-4EAF541861ED}.AppStore|iPhone.ActiveCfg = Release|Any CPU
		{ADCBC4EA-2072-4351-BDA8-4EAF541861ED}.AppStore|iPhone.Build.0 = Release|Any CPU
		{ADCBC4EA-2072-4351-BDA8-4EAF541861ED}.AppStore|iPhone.Deploy.0 = Release|Any CPU
		{ADCBC4EA-2072-4351-BDA8-4EAF541861ED}.AppStore|iPhoneSimulator.ActiveCfg = Release|Any CPU
		{ADCBC4EA-2072-4351-BDA8-4EAF541861ED}.AppStore|iPhoneSimulator.Build.0 = Release|Any CPU
		{ADCBC4EA-2072-4351-BDA8-4EAF541861ED}.AppStore|iPhoneSimulator.Deploy.0 = Release|Any CPU
		{ADCBC4EA-2072-4351-BDA8-4EAF541861ED}.AppStore|x64.ActiveCfg = Release|Any CPU
		{ADCBC4EA-2072-4351-BDA8-4EAF541861ED}.AppStore|x64.Build.0 = Release|Any CPU
		{ADCBC4EA-2072-4351-BDA8-4EAF541861ED}.AppStore|x64.Deploy.0 = Release|Any CPU
		{ADCBC4EA-2072-4351-BDA8-4EAF541861ED}.AppStore|x86.ActiveCfg = Release|Any CPU
		{ADCBC4EA-2072-4351-BDA8-4EAF541861ED}.AppStore|x86.Build.0 = Release|Any CPU
		{ADCBC4EA-2072-4351-BDA8-4EAF541861ED}.AppStore|x86.Deploy.0 = Release|Any CPU
		{ADCBC4EA-2072-4351-BDA8-4EAF541861ED}.Debug|Any CPU.ActiveCfg = Debug|Any CPU
		{ADCBC4EA-2072-4351-BDA8-4EAF541861ED}.Debug|Any CPU.Build.0 = Debug|Any CPU
		{ADCBC4EA-2072-4351-BDA8-4EAF541861ED}.Debug|Any CPU.Deploy.0 = Debug|Any CPU
		{ADCBC4EA-2072-4351-BDA8-4EAF541861ED}.Debug|ARM.ActiveCfg = Debug|Any CPU
		{ADCBC4EA-2072-4351-BDA8-4EAF541861ED}.Debug|ARM.Build.0 = Debug|Any CPU
		{ADCBC4EA-2072-4351-BDA8-4EAF541861ED}.Debug|ARM.Deploy.0 = Debug|Any CPU
		{ADCBC4EA-2072-4351-BDA8-4EAF541861ED}.Debug|iPhone.ActiveCfg = Debug|Any CPU
		{ADCBC4EA-2072-4351-BDA8-4EAF541861ED}.Debug|iPhone.Build.0 = Debug|Any CPU
		{ADCBC4EA-2072-4351-BDA8-4EAF541861ED}.Debug|iPhone.Deploy.0 = Debug|Any CPU
		{ADCBC4EA-2072-4351-BDA8-4EAF541861ED}.Debug|iPhoneSimulator.ActiveCfg = Debug|Any CPU
		{ADCBC4EA-2072-4351-BDA8-4EAF541861ED}.Debug|iPhoneSimulator.Build.0 = Debug|Any CPU
		{ADCBC4EA-2072-4351-BDA8-4EAF541861ED}.Debug|iPhoneSimulator.Deploy.0 = Debug|Any CPU
		{ADCBC4EA-2072-4351-BDA8-4EAF541861ED}.Debug|x64.ActiveCfg = Debug|Any CPU
		{ADCBC4EA-2072-4351-BDA8-4EAF541861ED}.Debug|x64.Build.0 = Debug|Any CPU
		{ADCBC4EA-2072-4351-BDA8-4EAF541861ED}.Debug|x64.Deploy.0 = Debug|Any CPU
		{ADCBC4EA-2072-4351-BDA8-4EAF541861ED}.Debug|x86.ActiveCfg = Debug|Any CPU
		{ADCBC4EA-2072-4351-BDA8-4EAF541861ED}.Debug|x86.Build.0 = Debug|Any CPU
		{ADCBC4EA-2072-4351-BDA8-4EAF541861ED}.Debug|x86.Deploy.0 = Debug|Any CPU
		{ADCBC4EA-2072-4351-BDA8-4EAF541861ED}.Release|Any CPU.ActiveCfg = Release|Any CPU
		{ADCBC4EA-2072-4351-BDA8-4EAF541861ED}.Release|Any CPU.Build.0 = Release|Any CPU
		{ADCBC4EA-2072-4351-BDA8-4EAF541861ED}.Release|Any CPU.Deploy.0 = Release|Any CPU
		{ADCBC4EA-2072-4351-BDA8-4EAF541861ED}.Release|ARM.ActiveCfg = Release|Any CPU
		{ADCBC4EA-2072-4351-BDA8-4EAF541861ED}.Release|ARM.Build.0 = Release|Any CPU
		{ADCBC4EA-2072-4351-BDA8-4EAF541861ED}.Release|ARM.Deploy.0 = Release|Any CPU
		{ADCBC4EA-2072-4351-BDA8-4EAF541861ED}.Release|iPhone.ActiveCfg = Release|Any CPU
		{ADCBC4EA-2072-4351-BDA8-4EAF541861ED}.Release|iPhone.Build.0 = Release|Any CPU
		{ADCBC4EA-2072-4351-BDA8-4EAF541861ED}.Release|iPhone.Deploy.0 = Release|Any CPU
		{ADCBC4EA-2072-4351-BDA8-4EAF541861ED}.Release|iPhoneSimulator.ActiveCfg = Release|Any CPU
		{ADCBC4EA-2072-4351-BDA8-4EAF541861ED}.Release|iPhoneSimulator.Build.0 = Release|Any CPU
		{ADCBC4EA-2072-4351-BDA8-4EAF541861ED}.Release|iPhoneSimulator.Deploy.0 = Release|Any CPU
		{ADCBC4EA-2072-4351-BDA8-4EAF541861ED}.Release|x64.ActiveCfg = Release|Any CPU
		{ADCBC4EA-2072-4351-BDA8-4EAF541861ED}.Release|x64.Build.0 = Release|Any CPU
		{ADCBC4EA-2072-4351-BDA8-4EAF541861ED}.Release|x64.Deploy.0 = Release|Any CPU
		{ADCBC4EA-2072-4351-BDA8-4EAF541861ED}.Release|x86.ActiveCfg = Release|Any CPU
		{ADCBC4EA-2072-4351-BDA8-4EAF541861ED}.Release|x86.Build.0 = Release|Any CPU
		{ADCBC4EA-2072-4351-BDA8-4EAF541861ED}.Release|x86.Deploy.0 = Release|Any CPU
		{82119352-4961-462F-9C44-3B67F4DA32CD}.Ad-Hoc|Any CPU.ActiveCfg = Ad-Hoc|iPhone
		{82119352-4961-462F-9C44-3B67F4DA32CD}.Ad-Hoc|ARM.ActiveCfg = Ad-Hoc|iPhone
		{82119352-4961-462F-9C44-3B67F4DA32CD}.Ad-Hoc|iPhone.ActiveCfg = Ad-Hoc|iPhone
		{82119352-4961-462F-9C44-3B67F4DA32CD}.Ad-Hoc|iPhone.Build.0 = Ad-Hoc|iPhone
		{82119352-4961-462F-9C44-3B67F4DA32CD}.Ad-Hoc|iPhoneSimulator.ActiveCfg = Ad-Hoc|iPhoneSimulator
		{82119352-4961-462F-9C44-3B67F4DA32CD}.Ad-Hoc|iPhoneSimulator.Build.0 = Ad-Hoc|iPhoneSimulator
		{82119352-4961-462F-9C44-3B67F4DA32CD}.Ad-Hoc|x64.ActiveCfg = Ad-Hoc|iPhone
		{82119352-4961-462F-9C44-3B67F4DA32CD}.Ad-Hoc|x86.ActiveCfg = Ad-Hoc|iPhone
		{82119352-4961-462F-9C44-3B67F4DA32CD}.AppStore|Any CPU.ActiveCfg = AppStore|iPhone
		{82119352-4961-462F-9C44-3B67F4DA32CD}.AppStore|ARM.ActiveCfg = AppStore|iPhone
		{82119352-4961-462F-9C44-3B67F4DA32CD}.AppStore|iPhone.ActiveCfg = AppStore|iPhone
		{82119352-4961-462F-9C44-3B67F4DA32CD}.AppStore|iPhone.Build.0 = AppStore|iPhone
		{82119352-4961-462F-9C44-3B67F4DA32CD}.AppStore|iPhoneSimulator.ActiveCfg = AppStore|iPhoneSimulator
		{82119352-4961-462F-9C44-3B67F4DA32CD}.AppStore|iPhoneSimulator.Build.0 = AppStore|iPhoneSimulator
		{82119352-4961-462F-9C44-3B67F4DA32CD}.AppStore|x64.ActiveCfg = AppStore|iPhone
		{82119352-4961-462F-9C44-3B67F4DA32CD}.AppStore|x86.ActiveCfg = AppStore|iPhone
		{82119352-4961-462F-9C44-3B67F4DA32CD}.Debug|Any CPU.ActiveCfg = Debug|iPhone
		{82119352-4961-462F-9C44-3B67F4DA32CD}.Debug|ARM.ActiveCfg = Debug|iPhone
		{82119352-4961-462F-9C44-3B67F4DA32CD}.Debug|iPhone.ActiveCfg = Debug|iPhone
		{82119352-4961-462F-9C44-3B67F4DA32CD}.Debug|iPhone.Build.0 = Debug|iPhone
		{82119352-4961-462F-9C44-3B67F4DA32CD}.Debug|iPhoneSimulator.ActiveCfg = Debug|iPhoneSimulator
		{82119352-4961-462F-9C44-3B67F4DA32CD}.Debug|iPhoneSimulator.Build.0 = Debug|iPhoneSimulator
		{82119352-4961-462F-9C44-3B67F4DA32CD}.Debug|x64.ActiveCfg = Debug|iPhone
		{82119352-4961-462F-9C44-3B67F4DA32CD}.Debug|x86.ActiveCfg = Debug|iPhone
		{82119352-4961-462F-9C44-3B67F4DA32CD}.Release|Any CPU.ActiveCfg = Release|iPhone
		{82119352-4961-462F-9C44-3B67F4DA32CD}.Release|ARM.ActiveCfg = Release|iPhone
		{82119352-4961-462F-9C44-3B67F4DA32CD}.Release|iPhone.ActiveCfg = Release|iPhone
		{82119352-4961-462F-9C44-3B67F4DA32CD}.Release|iPhone.Build.0 = Release|iPhone
		{82119352-4961-462F-9C44-3B67F4DA32CD}.Release|iPhoneSimulator.ActiveCfg = Release|iPhoneSimulator
		{82119352-4961-462F-9C44-3B67F4DA32CD}.Release|iPhoneSimulator.Build.0 = Release|iPhoneSimulator
		{82119352-4961-462F-9C44-3B67F4DA32CD}.Release|x64.ActiveCfg = Release|iPhone
		{82119352-4961-462F-9C44-3B67F4DA32CD}.Release|x86.ActiveCfg = Release|iPhone
		{C22B7301-D065-472F-8505-162B4E0BF994}.Ad-Hoc|Any CPU.ActiveCfg = Release|Any CPU
		{C22B7301-D065-472F-8505-162B4E0BF994}.Ad-Hoc|Any CPU.Build.0 = Release|Any CPU
		{C22B7301-D065-472F-8505-162B4E0BF994}.Ad-Hoc|Any CPU.Deploy.0 = Release|Any CPU
		{C22B7301-D065-472F-8505-162B4E0BF994}.Ad-Hoc|ARM.ActiveCfg = Release|ARM
		{C22B7301-D065-472F-8505-162B4E0BF994}.Ad-Hoc|ARM.Build.0 = Release|ARM
		{C22B7301-D065-472F-8505-162B4E0BF994}.Ad-Hoc|ARM.Deploy.0 = Release|ARM
		{C22B7301-D065-472F-8505-162B4E0BF994}.Ad-Hoc|iPhone.ActiveCfg = Release|Any CPU
		{C22B7301-D065-472F-8505-162B4E0BF994}.Ad-Hoc|iPhone.Build.0 = Release|Any CPU
		{C22B7301-D065-472F-8505-162B4E0BF994}.Ad-Hoc|iPhone.Deploy.0 = Release|Any CPU
		{C22B7301-D065-472F-8505-162B4E0BF994}.Ad-Hoc|iPhoneSimulator.ActiveCfg = Release|Any CPU
		{C22B7301-D065-472F-8505-162B4E0BF994}.Ad-Hoc|iPhoneSimulator.Build.0 = Release|Any CPU
		{C22B7301-D065-472F-8505-162B4E0BF994}.Ad-Hoc|iPhoneSimulator.Deploy.0 = Release|Any CPU
		{C22B7301-D065-472F-8505-162B4E0BF994}.Ad-Hoc|x64.ActiveCfg = Release|Any CPU
		{C22B7301-D065-472F-8505-162B4E0BF994}.Ad-Hoc|x64.Build.0 = Release|Any CPU
		{C22B7301-D065-472F-8505-162B4E0BF994}.Ad-Hoc|x64.Deploy.0 = Release|Any CPU
		{C22B7301-D065-472F-8505-162B4E0BF994}.Ad-Hoc|x86.ActiveCfg = Release|x86
		{C22B7301-D065-472F-8505-162B4E0BF994}.Ad-Hoc|x86.Build.0 = Release|x86
		{C22B7301-D065-472F-8505-162B4E0BF994}.Ad-Hoc|x86.Deploy.0 = Release|x86
		{C22B7301-D065-472F-8505-162B4E0BF994}.AppStore|Any CPU.ActiveCfg = Release|Any CPU
		{C22B7301-D065-472F-8505-162B4E0BF994}.AppStore|Any CPU.Build.0 = Release|Any CPU
		{C22B7301-D065-472F-8505-162B4E0BF994}.AppStore|Any CPU.Deploy.0 = Release|Any CPU
		{C22B7301-D065-472F-8505-162B4E0BF994}.AppStore|ARM.ActiveCfg = Release|ARM
		{C22B7301-D065-472F-8505-162B4E0BF994}.AppStore|ARM.Build.0 = Release|ARM
		{C22B7301-D065-472F-8505-162B4E0BF994}.AppStore|ARM.Deploy.0 = Release|ARM
		{C22B7301-D065-472F-8505-162B4E0BF994}.AppStore|iPhone.ActiveCfg = Release|Any CPU
		{C22B7301-D065-472F-8505-162B4E0BF994}.AppStore|iPhone.Build.0 = Release|Any CPU
		{C22B7301-D065-472F-8505-162B4E0BF994}.AppStore|iPhone.Deploy.0 = Release|Any CPU
		{C22B7301-D065-472F-8505-162B4E0BF994}.AppStore|iPhoneSimulator.ActiveCfg = Release|Any CPU
		{C22B7301-D065-472F-8505-162B4E0BF994}.AppStore|iPhoneSimulator.Build.0 = Release|Any CPU
		{C22B7301-D065-472F-8505-162B4E0BF994}.AppStore|iPhoneSimulator.Deploy.0 = Release|Any CPU
		{C22B7301-D065-472F-8505-162B4E0BF994}.AppStore|x64.ActiveCfg = Release|Any CPU
		{C22B7301-D065-472F-8505-162B4E0BF994}.AppStore|x64.Build.0 = Release|Any CPU
		{C22B7301-D065-472F-8505-162B4E0BF994}.AppStore|x64.Deploy.0 = Release|Any CPU
		{C22B7301-D065-472F-8505-162B4E0BF994}.AppStore|x86.ActiveCfg = Release|x86
		{C22B7301-D065-472F-8505-162B4E0BF994}.AppStore|x86.Build.0 = Release|x86
		{C22B7301-D065-472F-8505-162B4E0BF994}.AppStore|x86.Deploy.0 = Release|x86
		{C22B7301-D065-472F-8505-162B4E0BF994}.Debug|Any CPU.ActiveCfg = Debug|Any CPU
		{C22B7301-D065-472F-8505-162B4E0BF994}.Debug|Any CPU.Build.0 = Debug|Any CPU
		{C22B7301-D065-472F-8505-162B4E0BF994}.Debug|Any CPU.Deploy.0 = Debug|Any CPU
		{C22B7301-D065-472F-8505-162B4E0BF994}.Debug|ARM.ActiveCfg = Debug|ARM
		{C22B7301-D065-472F-8505-162B4E0BF994}.Debug|ARM.Build.0 = Debug|ARM
		{C22B7301-D065-472F-8505-162B4E0BF994}.Debug|ARM.Deploy.0 = Debug|ARM
		{C22B7301-D065-472F-8505-162B4E0BF994}.Debug|iPhone.ActiveCfg = Debug|Any CPU
		{C22B7301-D065-472F-8505-162B4E0BF994}.Debug|iPhone.Build.0 = Debug|Any CPU
		{C22B7301-D065-472F-8505-162B4E0BF994}.Debug|iPhone.Deploy.0 = Debug|Any CPU
		{C22B7301-D065-472F-8505-162B4E0BF994}.Debug|iPhoneSimulator.ActiveCfg = Debug|Any CPU
		{C22B7301-D065-472F-8505-162B4E0BF994}.Debug|iPhoneSimulator.Build.0 = Debug|Any CPU
		{C22B7301-D065-472F-8505-162B4E0BF994}.Debug|iPhoneSimulator.Deploy.0 = Debug|Any CPU
		{C22B7301-D065-472F-8505-162B4E0BF994}.Debug|x64.ActiveCfg = Debug|Any CPU
		{C22B7301-D065-472F-8505-162B4E0BF994}.Debug|x64.Build.0 = Debug|Any CPU
		{C22B7301-D065-472F-8505-162B4E0BF994}.Debug|x64.Deploy.0 = Debug|Any CPU
		{C22B7301-D065-472F-8505-162B4E0BF994}.Debug|x86.ActiveCfg = Debug|x86
		{C22B7301-D065-472F-8505-162B4E0BF994}.Debug|x86.Build.0 = Debug|x86
		{C22B7301-D065-472F-8505-162B4E0BF994}.Debug|x86.Deploy.0 = Debug|x86
		{C22B7301-D065-472F-8505-162B4E0BF994}.Release|Any CPU.ActiveCfg = Release|Any CPU
		{C22B7301-D065-472F-8505-162B4E0BF994}.Release|Any CPU.Build.0 = Release|Any CPU
		{C22B7301-D065-472F-8505-162B4E0BF994}.Release|Any CPU.Deploy.0 = Release|Any CPU
		{C22B7301-D065-472F-8505-162B4E0BF994}.Release|ARM.ActiveCfg = Release|ARM
		{C22B7301-D065-472F-8505-162B4E0BF994}.Release|ARM.Build.0 = Release|ARM
		{C22B7301-D065-472F-8505-162B4E0BF994}.Release|ARM.Deploy.0 = Release|ARM
		{C22B7301-D065-472F-8505-162B4E0BF994}.Release|iPhone.ActiveCfg = Release|Any CPU
		{C22B7301-D065-472F-8505-162B4E0BF994}.Release|iPhone.Build.0 = Release|Any CPU
		{C22B7301-D065-472F-8505-162B4E0BF994}.Release|iPhone.Deploy.0 = Release|Any CPU
		{C22B7301-D065-472F-8505-162B4E0BF994}.Release|iPhoneSimulator.ActiveCfg = Release|Any CPU
		{C22B7301-D065-472F-8505-162B4E0BF994}.Release|iPhoneSimulator.Build.0 = Release|Any CPU
		{C22B7301-D065-472F-8505-162B4E0BF994}.Release|iPhoneSimulator.Deploy.0 = Release|Any CPU
		{C22B7301-D065-472F-8505-162B4E0BF994}.Release|x64.ActiveCfg = Release|Any CPU
		{C22B7301-D065-472F-8505-162B4E0BF994}.Release|x64.Build.0 = Release|Any CPU
		{C22B7301-D065-472F-8505-162B4E0BF994}.Release|x64.Deploy.0 = Release|Any CPU
		{C22B7301-D065-472F-8505-162B4E0BF994}.Release|x86.ActiveCfg = Release|x86
		{C22B7301-D065-472F-8505-162B4E0BF994}.Release|x86.Build.0 = Release|x86
		{C22B7301-D065-472F-8505-162B4E0BF994}.Release|x86.Deploy.0 = Release|x86
		{3D7371B0-0AF0-4229-95C3-76DA86DD19F3}.Ad-Hoc|Any CPU.ActiveCfg = Release|x86
		{3D7371B0-0AF0-4229-95C3-76DA86DD19F3}.Ad-Hoc|Any CPU.Build.0 = Release|x86
		{3D7371B0-0AF0-4229-95C3-76DA86DD19F3}.Ad-Hoc|Any CPU.Deploy.0 = Release|x86
		{3D7371B0-0AF0-4229-95C3-76DA86DD19F3}.Ad-Hoc|ARM.ActiveCfg = Release|ARM
		{3D7371B0-0AF0-4229-95C3-76DA86DD19F3}.Ad-Hoc|ARM.Build.0 = Release|ARM
		{3D7371B0-0AF0-4229-95C3-76DA86DD19F3}.Ad-Hoc|ARM.Deploy.0 = Release|ARM
		{3D7371B0-0AF0-4229-95C3-76DA86DD19F3}.Ad-Hoc|iPhone.ActiveCfg = Release|x86
		{3D7371B0-0AF0-4229-95C3-76DA86DD19F3}.Ad-Hoc|iPhone.Build.0 = Release|x86
		{3D7371B0-0AF0-4229-95C3-76DA86DD19F3}.Ad-Hoc|iPhone.Deploy.0 = Release|x86
		{3D7371B0-0AF0-4229-95C3-76DA86DD19F3}.Ad-Hoc|iPhoneSimulator.ActiveCfg = Release|x86
		{3D7371B0-0AF0-4229-95C3-76DA86DD19F3}.Ad-Hoc|iPhoneSimulator.Build.0 = Release|x86
		{3D7371B0-0AF0-4229-95C3-76DA86DD19F3}.Ad-Hoc|iPhoneSimulator.Deploy.0 = Release|x86
		{3D7371B0-0AF0-4229-95C3-76DA86DD19F3}.Ad-Hoc|x64.ActiveCfg = Release|x64
		{3D7371B0-0AF0-4229-95C3-76DA86DD19F3}.Ad-Hoc|x64.Build.0 = Release|x64
		{3D7371B0-0AF0-4229-95C3-76DA86DD19F3}.Ad-Hoc|x64.Deploy.0 = Release|x64
		{3D7371B0-0AF0-4229-95C3-76DA86DD19F3}.Ad-Hoc|x86.ActiveCfg = Release|x86
		{3D7371B0-0AF0-4229-95C3-76DA86DD19F3}.Ad-Hoc|x86.Build.0 = Release|x86
		{3D7371B0-0AF0-4229-95C3-76DA86DD19F3}.Ad-Hoc|x86.Deploy.0 = Release|x86
		{3D7371B0-0AF0-4229-95C3-76DA86DD19F3}.AppStore|Any CPU.ActiveCfg = Release|x86
		{3D7371B0-0AF0-4229-95C3-76DA86DD19F3}.AppStore|Any CPU.Build.0 = Release|x86
		{3D7371B0-0AF0-4229-95C3-76DA86DD19F3}.AppStore|Any CPU.Deploy.0 = Release|x86
		{3D7371B0-0AF0-4229-95C3-76DA86DD19F3}.AppStore|ARM.ActiveCfg = Release|ARM
		{3D7371B0-0AF0-4229-95C3-76DA86DD19F3}.AppStore|ARM.Build.0 = Release|ARM
		{3D7371B0-0AF0-4229-95C3-76DA86DD19F3}.AppStore|ARM.Deploy.0 = Release|ARM
		{3D7371B0-0AF0-4229-95C3-76DA86DD19F3}.AppStore|iPhone.ActiveCfg = Release|x86
		{3D7371B0-0AF0-4229-95C3-76DA86DD19F3}.AppStore|iPhone.Build.0 = Release|x86
		{3D7371B0-0AF0-4229-95C3-76DA86DD19F3}.AppStore|iPhone.Deploy.0 = Release|x86
		{3D7371B0-0AF0-4229-95C3-76DA86DD19F3}.AppStore|iPhoneSimulator.ActiveCfg = Release|x86
		{3D7371B0-0AF0-4229-95C3-76DA86DD19F3}.AppStore|iPhoneSimulator.Build.0 = Release|x86
		{3D7371B0-0AF0-4229-95C3-76DA86DD19F3}.AppStore|iPhoneSimulator.Deploy.0 = Release|x86
		{3D7371B0-0AF0-4229-95C3-76DA86DD19F3}.AppStore|x64.ActiveCfg = Release|x64
		{3D7371B0-0AF0-4229-95C3-76DA86DD19F3}.AppStore|x64.Build.0 = Release|x64
		{3D7371B0-0AF0-4229-95C3-76DA86DD19F3}.AppStore|x64.Deploy.0 = Release|x64
		{3D7371B0-0AF0-4229-95C3-76DA86DD19F3}.AppStore|x86.ActiveCfg = Release|x86
		{3D7371B0-0AF0-4229-95C3-76DA86DD19F3}.AppStore|x86.Build.0 = Release|x86
		{3D7371B0-0AF0-4229-95C3-76DA86DD19F3}.AppStore|x86.Deploy.0 = Release|x86
		{3D7371B0-0AF0-4229-95C3-76DA86DD19F3}.Debug|Any CPU.ActiveCfg = Debug|ARM
		{3D7371B0-0AF0-4229-95C3-76DA86DD19F3}.Debug|Any CPU.Build.0 = Debug|ARM
		{3D7371B0-0AF0-4229-95C3-76DA86DD19F3}.Debug|Any CPU.Deploy.0 = Debug|ARM
		{3D7371B0-0AF0-4229-95C3-76DA86DD19F3}.Debug|ARM.ActiveCfg = Debug|ARM
		{3D7371B0-0AF0-4229-95C3-76DA86DD19F3}.Debug|ARM.Build.0 = Debug|ARM
		{3D7371B0-0AF0-4229-95C3-76DA86DD19F3}.Debug|ARM.Deploy.0 = Debug|ARM
		{3D7371B0-0AF0-4229-95C3-76DA86DD19F3}.Debug|iPhone.ActiveCfg = Debug|x86
		{3D7371B0-0AF0-4229-95C3-76DA86DD19F3}.Debug|iPhoneSimulator.ActiveCfg = Debug|x86
		{3D7371B0-0AF0-4229-95C3-76DA86DD19F3}.Debug|x64.ActiveCfg = Debug|x64
		{3D7371B0-0AF0-4229-95C3-76DA86DD19F3}.Debug|x64.Build.0 = Debug|x64
		{3D7371B0-0AF0-4229-95C3-76DA86DD19F3}.Debug|x64.Deploy.0 = Debug|x64
		{3D7371B0-0AF0-4229-95C3-76DA86DD19F3}.Debug|x86.ActiveCfg = Debug|x86
		{3D7371B0-0AF0-4229-95C3-76DA86DD19F3}.Debug|x86.Build.0 = Debug|x86
		{3D7371B0-0AF0-4229-95C3-76DA86DD19F3}.Debug|x86.Deploy.0 = Debug|x86
		{3D7371B0-0AF0-4229-95C3-76DA86DD19F3}.Release|Any CPU.ActiveCfg = Release|x86
		{3D7371B0-0AF0-4229-95C3-76DA86DD19F3}.Release|ARM.ActiveCfg = Release|ARM
		{3D7371B0-0AF0-4229-95C3-76DA86DD19F3}.Release|ARM.Build.0 = Release|ARM
		{3D7371B0-0AF0-4229-95C3-76DA86DD19F3}.Release|ARM.Deploy.0 = Release|ARM
		{3D7371B0-0AF0-4229-95C3-76DA86DD19F3}.Release|iPhone.ActiveCfg = Release|x86
		{3D7371B0-0AF0-4229-95C3-76DA86DD19F3}.Release|iPhoneSimulator.ActiveCfg = Release|x86
		{3D7371B0-0AF0-4229-95C3-76DA86DD19F3}.Release|x64.ActiveCfg = Release|x64
		{3D7371B0-0AF0-4229-95C3-76DA86DD19F3}.Release|x64.Build.0 = Release|x64
		{3D7371B0-0AF0-4229-95C3-76DA86DD19F3}.Release|x64.Deploy.0 = Release|x64
		{3D7371B0-0AF0-4229-95C3-76DA86DD19F3}.Release|x86.ActiveCfg = Release|x86
		{3D7371B0-0AF0-4229-95C3-76DA86DD19F3}.Release|x86.Build.0 = Release|x86
		{3D7371B0-0AF0-4229-95C3-76DA86DD19F3}.Release|x86.Deploy.0 = Release|x86
		{2F3460FB-0610-4479-99DF-579E7B298440}.Ad-Hoc|Any CPU.ActiveCfg = Release|Any CPU
		{2F3460FB-0610-4479-99DF-579E7B298440}.Ad-Hoc|Any CPU.Build.0 = Release|Any CPU
		{2F3460FB-0610-4479-99DF-579E7B298440}.Ad-Hoc|Any CPU.Deploy.0 = Release|Any CPU
		{2F3460FB-0610-4479-99DF-579E7B298440}.Ad-Hoc|ARM.ActiveCfg = Release|ARM
		{2F3460FB-0610-4479-99DF-579E7B298440}.Ad-Hoc|ARM.Build.0 = Release|ARM
		{2F3460FB-0610-4479-99DF-579E7B298440}.Ad-Hoc|ARM.Deploy.0 = Release|ARM
		{2F3460FB-0610-4479-99DF-579E7B298440}.Ad-Hoc|iPhone.ActiveCfg = Release|Any CPU
		{2F3460FB-0610-4479-99DF-579E7B298440}.Ad-Hoc|iPhone.Build.0 = Release|Any CPU
		{2F3460FB-0610-4479-99DF-579E7B298440}.Ad-Hoc|iPhone.Deploy.0 = Release|Any CPU
		{2F3460FB-0610-4479-99DF-579E7B298440}.Ad-Hoc|iPhoneSimulator.ActiveCfg = Release|Any CPU
		{2F3460FB-0610-4479-99DF-579E7B298440}.Ad-Hoc|iPhoneSimulator.Build.0 = Release|Any CPU
		{2F3460FB-0610-4479-99DF-579E7B298440}.Ad-Hoc|iPhoneSimulator.Deploy.0 = Release|Any CPU
		{2F3460FB-0610-4479-99DF-579E7B298440}.Ad-Hoc|x64.ActiveCfg = Release|x64
		{2F3460FB-0610-4479-99DF-579E7B298440}.Ad-Hoc|x64.Build.0 = Release|x64
		{2F3460FB-0610-4479-99DF-579E7B298440}.Ad-Hoc|x64.Deploy.0 = Release|x64
		{2F3460FB-0610-4479-99DF-579E7B298440}.Ad-Hoc|x86.ActiveCfg = Release|x86
		{2F3460FB-0610-4479-99DF-579E7B298440}.Ad-Hoc|x86.Build.0 = Release|x86
		{2F3460FB-0610-4479-99DF-579E7B298440}.Ad-Hoc|x86.Deploy.0 = Release|x86
		{2F3460FB-0610-4479-99DF-579E7B298440}.AppStore|Any CPU.ActiveCfg = Release|Any CPU
		{2F3460FB-0610-4479-99DF-579E7B298440}.AppStore|Any CPU.Build.0 = Release|Any CPU
		{2F3460FB-0610-4479-99DF-579E7B298440}.AppStore|Any CPU.Deploy.0 = Release|Any CPU
		{2F3460FB-0610-4479-99DF-579E7B298440}.AppStore|ARM.ActiveCfg = Release|ARM
		{2F3460FB-0610-4479-99DF-579E7B298440}.AppStore|ARM.Build.0 = Release|ARM
		{2F3460FB-0610-4479-99DF-579E7B298440}.AppStore|ARM.Deploy.0 = Release|ARM
		{2F3460FB-0610-4479-99DF-579E7B298440}.AppStore|iPhone.ActiveCfg = Release|Any CPU
		{2F3460FB-0610-4479-99DF-579E7B298440}.AppStore|iPhone.Build.0 = Release|Any CPU
		{2F3460FB-0610-4479-99DF-579E7B298440}.AppStore|iPhone.Deploy.0 = Release|Any CPU
		{2F3460FB-0610-4479-99DF-579E7B298440}.AppStore|iPhoneSimulator.ActiveCfg = Release|Any CPU
		{2F3460FB-0610-4479-99DF-579E7B298440}.AppStore|iPhoneSimulator.Build.0 = Release|Any CPU
		{2F3460FB-0610-4479-99DF-579E7B298440}.AppStore|iPhoneSimulator.Deploy.0 = Release|Any CPU
		{2F3460FB-0610-4479-99DF-579E7B298440}.AppStore|x64.ActiveCfg = Release|x64
		{2F3460FB-0610-4479-99DF-579E7B298440}.AppStore|x64.Build.0 = Release|x64
		{2F3460FB-0610-4479-99DF-579E7B298440}.AppStore|x64.Deploy.0 = Release|x64
		{2F3460FB-0610-4479-99DF-579E7B298440}.AppStore|x86.ActiveCfg = Release|x86
		{2F3460FB-0610-4479-99DF-579E7B298440}.AppStore|x86.Build.0 = Release|x86
		{2F3460FB-0610-4479-99DF-579E7B298440}.AppStore|x86.Deploy.0 = Release|x86
		{2F3460FB-0610-4479-99DF-579E7B298440}.Debug|Any CPU.ActiveCfg = Debug|Any CPU
		{2F3460FB-0610-4479-99DF-579E7B298440}.Debug|Any CPU.Build.0 = Debug|Any CPU
		{2F3460FB-0610-4479-99DF-579E7B298440}.Debug|Any CPU.Deploy.0 = Debug|Any CPU
		{2F3460FB-0610-4479-99DF-579E7B298440}.Debug|ARM.ActiveCfg = Debug|ARM
		{2F3460FB-0610-4479-99DF-579E7B298440}.Debug|ARM.Build.0 = Debug|ARM
		{2F3460FB-0610-4479-99DF-579E7B298440}.Debug|ARM.Deploy.0 = Debug|ARM
		{2F3460FB-0610-4479-99DF-579E7B298440}.Debug|iPhone.ActiveCfg = Debug|Any CPU
		{2F3460FB-0610-4479-99DF-579E7B298440}.Debug|iPhone.Build.0 = Debug|Any CPU
		{2F3460FB-0610-4479-99DF-579E7B298440}.Debug|iPhone.Deploy.0 = Debug|Any CPU
		{2F3460FB-0610-4479-99DF-579E7B298440}.Debug|iPhoneSimulator.ActiveCfg = Debug|Any CPU
		{2F3460FB-0610-4479-99DF-579E7B298440}.Debug|iPhoneSimulator.Build.0 = Debug|Any CPU
		{2F3460FB-0610-4479-99DF-579E7B298440}.Debug|iPhoneSimulator.Deploy.0 = Debug|Any CPU
		{2F3460FB-0610-4479-99DF-579E7B298440}.Debug|x64.ActiveCfg = Debug|x64
		{2F3460FB-0610-4479-99DF-579E7B298440}.Debug|x64.Build.0 = Debug|x64
		{2F3460FB-0610-4479-99DF-579E7B298440}.Debug|x64.Deploy.0 = Debug|x64
		{2F3460FB-0610-4479-99DF-579E7B298440}.Debug|x86.ActiveCfg = Debug|x86
		{2F3460FB-0610-4479-99DF-579E7B298440}.Debug|x86.Build.0 = Debug|x86
		{2F3460FB-0610-4479-99DF-579E7B298440}.Debug|x86.Deploy.0 = Debug|x86
		{2F3460FB-0610-4479-99DF-579E7B298440}.Release|Any CPU.ActiveCfg = Release|Any CPU
		{2F3460FB-0610-4479-99DF-579E7B298440}.Release|Any CPU.Build.0 = Release|Any CPU
		{2F3460FB-0610-4479-99DF-579E7B298440}.Release|Any CPU.Deploy.0 = Release|Any CPU
		{2F3460FB-0610-4479-99DF-579E7B298440}.Release|ARM.ActiveCfg = Release|ARM
		{2F3460FB-0610-4479-99DF-579E7B298440}.Release|ARM.Build.0 = Release|ARM
		{2F3460FB-0610-4479-99DF-579E7B298440}.Release|ARM.Deploy.0 = Release|ARM
		{2F3460FB-0610-4479-99DF-579E7B298440}.Release|iPhone.ActiveCfg = Release|Any CPU
		{2F3460FB-0610-4479-99DF-579E7B298440}.Release|iPhone.Build.0 = Release|Any CPU
		{2F3460FB-0610-4479-99DF-579E7B298440}.Release|iPhone.Deploy.0 = Release|Any CPU
		{2F3460FB-0610-4479-99DF-579E7B298440}.Release|iPhoneSimulator.ActiveCfg = Release|Any CPU
		{2F3460FB-0610-4479-99DF-579E7B298440}.Release|iPhoneSimulator.Build.0 = Release|Any CPU
		{2F3460FB-0610-4479-99DF-579E7B298440}.Release|iPhoneSimulator.Deploy.0 = Release|Any CPU
		{2F3460FB-0610-4479-99DF-579E7B298440}.Release|x64.ActiveCfg = Release|x64
		{2F3460FB-0610-4479-99DF-579E7B298440}.Release|x64.Build.0 = Release|x64
		{2F3460FB-0610-4479-99DF-579E7B298440}.Release|x64.Deploy.0 = Release|x64
		{2F3460FB-0610-4479-99DF-579E7B298440}.Release|x86.ActiveCfg = Release|x86
		{2F3460FB-0610-4479-99DF-579E7B298440}.Release|x86.Build.0 = Release|x86
		{2F3460FB-0610-4479-99DF-579E7B298440}.Release|x86.Deploy.0 = Release|x86
	EndGlobalSection
	GlobalSection(SolutionProperties) = preSolution
		HideSolutionNode = FALSE
	EndGlobalSection
EndGlobal
